
Microsoft Visual Studio Solution File, Format Version 12.00
# Visual Studio 2013
VisualStudioVersion = 12.0.21005.1
MinimumVisualStudioVersion = 10.0.40219.1
Project("{FAE04EC0-301F-11D3-BF4B-00C04F79EFBC}") = "KServices", "KServices\KServices.csproj", "{3F49D037-3BFD-4702-B44E-8299CC195A6C}"
EndProject
Project("{FAE04EC0-301F-11D3-BF4B-00C04F79EFBC}") = "KServices.Core", "KServices.Core\KServices.Core.csproj", "{DD315C9F-25AC-486F-BD8D-1C81090BEE10}"
EndProject
Project("{FAE04EC0-301F-11D3-BF4B-00C04F79EFBC}") = "KServices.Data", "KServices.Data\KServices.Data.csproj", "{4F3CF324-3FCD-4B9E-92CE-29E0DCDB58DC}"
EndProject
Project("{FAE04EC0-301F-11D3-BF4B-00C04F79EFBC}") = "KServices.Locator", "KServices.Locator\KServices.Locator.csproj", "{40550CBC-7D6E-4CD6-AC91-800C75C6F894}"
EndProject
Global
	GlobalSection(SolutionConfigurationPlatforms) = preSolution
		Debug|Any CPU = Debug|Any CPU
		Release|Any CPU = Release|Any CPU
	EndGlobalSection
	GlobalSection(ProjectConfigurationPlatforms) = postSolution
		{3F49D037-3BFD-4702-B44E-8299CC195A6C}.Debug|Any CPU.ActiveCfg = Debug|Any CPU
		{3F49D037-3BFD-4702-B44E-8299CC195A6C}.Debug|Any CPU.Build.0 = Debug|Any CPU
		{3F49D037-3BFD-4702-B44E-8299CC195A6C}.Release|Any CPU.ActiveCfg = Release|Any CPU
		{3F49D037-3BFD-4702-B44E-8299CC195A6C}.Release|Any CPU.Build.0 = Release|Any CPU
		{DD315C9F-25AC-486F-BD8D-1C81090BEE10}.Debug|Any CPU.ActiveCfg = Debug|Any CPU
		{DD315C9F-25AC-486F-BD8D-1C81090BEE10}.Debug|Any CPU.Build.0 = Debug|Any CPU
		{DD315C9F-25AC-486F-BD8D-1C81090BEE10}.Release|Any CPU.ActiveCfg = Release|Any CPU
		{DD315C9F-25AC-486F-BD8D-1C81090BEE10}.Release|Any CPU.Build.0 = Release|Any CPU
		{4F3CF324-3FCD-4B9E-92CE-29E0DCDB58DC}.Debug|Any CPU.ActiveCfg = Debug|Any CPU
		{4F3CF324-3FCD-4B9E-92CE-29E0DCDB58DC}.Debug|Any CPU.Build.0 = Debug|Any CPU
		{4F3CF324-3FCD-4B9E-92CE-29E0DCDB58DC}.Release|Any CPU.ActiveCfg = Release|Any CPU
		{4F3CF324-3FCD-4B9E-92CE-29E0DCDB58DC}.Release|Any CPU.Build.0 = Release|Any CPU
		{40550CBC-7D6E-4CD6-AC91-800C75C6F894}.Debug|Any CPU.ActiveCfg = Debug|Any CPU
		{40550CBC-7D6E-4CD6-AC91-800C75C6F894}.Debug|Any CPU.Build.0 = Debug|Any CPU
		{40550CBC-7D6E-4CD6-AC91-800C75C6F894}.Release|Any CPU.ActiveCfg = Release|Any CPU
		{40550CBC-7D6E-4CD6-AC91-800C75C6F894}.Release|Any CPU.Build.0 = Release|Any CPU
	EndGlobalSection
	GlobalSection(SolutionProperties) = preSolution
		HideSolutionNode = FALSE
	EndGlobalSection
EndGlobal
